
Microsoft Visual Studio Solution File, Format Version 12.00
# Visual Studio Version 16
VisualStudioVersion = 16.0.29102.190
MinimumVisualStudioVersion = 15.0.26124.0
Project("{9A19103F-16F7-4668-BE54-9A1E7A4F7556}") = "Dns.Site", "Dns.Site\Dns.Site.csproj", "{551D3DF7-B758-4FE5-960E-3CCD5CA7C402}"
EndProject
Project("{9A19103F-16F7-4668-BE54-9A1E7A4F7556}") = "Dns.DAL", "Dns.DAL\Dns.DAL.csproj", "{ECCE4874-8217-465A-9954-8B2C57E6E9E5}"
EndProject
Project("{2150E333-8FDC-42A3-9474-1A3956D46DE8}") = "Solution Items", "Solution Items", "{0B7AAAA1-2168-4D67-9A23-6026C9A4307F}"
	ProjectSection(SolutionItems) = preProject
		.dockerignore = .dockerignore
		.gitignore = .gitignore
		.gitlab-ci.yml = .gitlab-ci.yml
		default.ruleset = default.ruleset
		dev.env = dev.env
		docker-compose.dev.yml = docker-compose.dev.yml
		docker-compose.yml = docker-compose.yml
		init-db.sql = init-db.sql
		prod.env = prod.env
		README.md = README.md
	EndProjectSection
EndProject
Project("{2150E333-8FDC-42A3-9474-1A3956D46DE8}") = "Docs", "Docs", "{7F95F74F-C7FE-40ED-BE54-E4C7B99F6A5D}"
	ProjectSection(SolutionItems) = preProject
		Docs\Overview Diagram.drawio = Docs\Overview Diagram.drawio
		Docs\Overview Diagram.png = Docs\Overview Diagram.png
	EndProjectSection
EndProject
Project("{2150E333-8FDC-42A3-9474-1A3956D46DE8}") = "Hyperlocal", "Hyperlocal", "{C6ABEBA2-004E-45F5-9A63-F6D639D45AC6}"
	ProjectSection(SolutionItems) = preProject
		Hyperlocal\Dockerfile = Hyperlocal\Dockerfile
		Hyperlocal\kresd.conf = Hyperlocal\kresd.conf
		Hyperlocal\start.sh = Hyperlocal\start.sh
	EndProjectSection
EndProject
Project("{9A19103F-16F7-4668-BE54-9A1E7A4F7556}") = "Dns.Analyzer", "Dns.Analyzer\Dns.Analyzer.csproj", "{F7DA3E55-8290-4DE2-90F1-3E86DC8CF83F}"
EndProject
Project("{9A19103F-16F7-4668-BE54-9A1E7A4F7556}") = "Dns.DAL.DataMigration", "Dns.DAL.DataMigration\Dns.DAL.DataMigration.csproj", "{68893D34-C9A7-4A58-B017-5B947BFF88AF}"
EndProject
Project("{9A19103F-16F7-4668-BE54-9A1E7A4F7556}") = "Dns.Resolver.Producer", "Dns.Resolver.Producer\Dns.Resolver.Producer.csproj", "{61E1A1EF-73D9-4D3F-9C0A-D7CC41DBDECC}"
EndProject
Project("{9A19103F-16F7-4668-BE54-9A1E7A4F7556}") = "Dns.Resolver.Consumer", "Dns.Resolver.Consumer\Dns.Resolver.Consumer.csproj", "{C4FC462D-2913-439A-8066-B5499E0E826E}"
EndProject
Project("{2150E333-8FDC-42A3-9474-1A3956D46DE8}") = "Dev", "Dev", "{B08AE252-153B-488A-87F4-DA7F45590D6B}"
	ProjectSection(SolutionItems) = preProject
		build-images.txt = build-images.txt
		Dev\postgresql.conf = Dev\postgresql.conf
	EndProjectSection
EndProject
Project("{9A19103F-16F7-4668-BE54-9A1E7A4F7556}") = "Dns.Resolver.Aggregator", "Dns.Resolver.Aggregator\Dns.Resolver.Aggregator.csproj", "{F7137874-1772-4C4D-8799-158700B013E3}"
EndProject
Project("{9A19103F-16F7-4668-BE54-9A1E7A4F7556}") = "Dns.Contracts", "Dns.Contracts\Dns.Contracts.csproj", "{D172C423-04A6-403E-BC4C-D28F54530D42}"
EndProject
Global
	GlobalSection(SolutionConfigurationPlatforms) = preSolution
		Debug|Any CPU = Debug|Any CPU
		Debug|x64 = Debug|x64
		Debug|x86 = Debug|x86
		Release|Any CPU = Release|Any CPU
		Release|x64 = Release|x64
		Release|x86 = Release|x86
	EndGlobalSection
	GlobalSection(ProjectConfigurationPlatforms) = postSolution
		{551D3DF7-B758-4FE5-960E-3CCD5CA7C402}.Debug|Any CPU.ActiveCfg = Debug|Any CPU
		{551D3DF7-B758-4FE5-960E-3CCD5CA7C402}.Debug|Any CPU.Build.0 = Debug|Any CPU
		{551D3DF7-B758-4FE5-960E-3CCD5CA7C402}.Debug|x64.ActiveCfg = Debug|Any CPU
		{551D3DF7-B758-4FE5-960E-3CCD5CA7C402}.Debug|x64.Build.0 = Debug|Any CPU
		{551D3DF7-B758-4FE5-960E-3CCD5CA7C402}.Debug|x86.ActiveCfg = Debug|Any CPU
		{551D3DF7-B758-4FE5-960E-3CCD5CA7C402}.Debug|x86.Build.0 = Debug|Any CPU
		{551D3DF7-B758-4FE5-960E-3CCD5CA7C402}.Release|Any CPU.ActiveCfg = Release|Any CPU
		{551D3DF7-B758-4FE5-960E-3CCD5CA7C402}.Release|Any CPU.Build.0 = Release|Any CPU
		{551D3DF7-B758-4FE5-960E-3CCD5CA7C402}.Release|x64.ActiveCfg = Release|Any CPU
		{551D3DF7-B758-4FE5-960E-3CCD5CA7C402}.Release|x64.Build.0 = Release|Any CPU
		{551D3DF7-B758-4FE5-960E-3CCD5CA7C402}.Release|x86.ActiveCfg = Release|Any CPU
		{551D3DF7-B758-4FE5-960E-3CCD5CA7C402}.Release|x86.Build.0 = Release|Any CPU
		{ECCE4874-8217-465A-9954-8B2C57E6E9E5}.Debug|Any CPU.ActiveCfg = Debug|Any CPU
		{ECCE4874-8217-465A-9954-8B2C57E6E9E5}.Debug|Any CPU.Build.0 = Debug|Any CPU
		{ECCE4874-8217-465A-9954-8B2C57E6E9E5}.Debug|x64.ActiveCfg = Debug|Any CPU
		{ECCE4874-8217-465A-9954-8B2C57E6E9E5}.Debug|x64.Build.0 = Debug|Any CPU
		{ECCE4874-8217-465A-9954-8B2C57E6E9E5}.Debug|x86.ActiveCfg = Debug|Any CPU
		{ECCE4874-8217-465A-9954-8B2C57E6E9E5}.Debug|x86.Build.0 = Debug|Any CPU
		{ECCE4874-8217-465A-9954-8B2C57E6E9E5}.Release|Any CPU.ActiveCfg = Release|Any CPU
		{ECCE4874-8217-465A-9954-8B2C57E6E9E5}.Release|Any CPU.Build.0 = Release|Any CPU
		{ECCE4874-8217-465A-9954-8B2C57E6E9E5}.Release|x64.ActiveCfg = Release|Any CPU
		{ECCE4874-8217-465A-9954-8B2C57E6E9E5}.Release|x64.Build.0 = Release|Any CPU
		{ECCE4874-8217-465A-9954-8B2C57E6E9E5}.Release|x86.ActiveCfg = Release|Any CPU
		{ECCE4874-8217-465A-9954-8B2C57E6E9E5}.Release|x86.Build.0 = Release|Any CPU
		{F7DA3E55-8290-4DE2-90F1-3E86DC8CF83F}.Debug|Any CPU.ActiveCfg = Debug|Any CPU
		{F7DA3E55-8290-4DE2-90F1-3E86DC8CF83F}.Debug|Any CPU.Build.0 = Debug|Any CPU
		{F7DA3E55-8290-4DE2-90F1-3E86DC8CF83F}.Debug|x64.ActiveCfg = Debug|Any CPU
		{F7DA3E55-8290-4DE2-90F1-3E86DC8CF83F}.Debug|x64.Build.0 = Debug|Any CPU
		{F7DA3E55-8290-4DE2-90F1-3E86DC8CF83F}.Debug|x86.ActiveCfg = Debug|Any CPU
		{F7DA3E55-8290-4DE2-90F1-3E86DC8CF83F}.Debug|x86.Build.0 = Debug|Any CPU
		{F7DA3E55-8290-4DE2-90F1-3E86DC8CF83F}.Release|Any CPU.ActiveCfg = Release|Any CPU
		{F7DA3E55-8290-4DE2-90F1-3E86DC8CF83F}.Release|Any CPU.Build.0 = Release|Any CPU
		{F7DA3E55-8290-4DE2-90F1-3E86DC8CF83F}.Release|x64.ActiveCfg = Release|Any CPU
		{F7DA3E55-8290-4DE2-90F1-3E86DC8CF83F}.Release|x64.Build.0 = Release|Any CPU
		{F7DA3E55-8290-4DE2-90F1-3E86DC8CF83F}.Release|x86.ActiveCfg = Release|Any CPU
		{F7DA3E55-8290-4DE2-90F1-3E86DC8CF83F}.Release|x86.Build.0 = Release|Any CPU
		{68893D34-C9A7-4A58-B017-5B947BFF88AF}.Debug|Any CPU.ActiveCfg = Debug|Any CPU
		{68893D34-C9A7-4A58-B017-5B947BFF88AF}.Debug|Any CPU.Build.0 = Debug|Any CPU
		{68893D34-C9A7-4A58-B017-5B947BFF88AF}.Debug|x64.ActiveCfg = Debug|Any CPU
		{68893D34-C9A7-4A58-B017-5B947BFF88AF}.Debug|x64.Build.0 = Debug|Any CPU
		{68893D34-C9A7-4A58-B017-5B947BFF88AF}.Debug|x86.ActiveCfg = Debug|Any CPU
		{68893D34-C9A7-4A58-B017-5B947BFF88AF}.Debug|x86.Build.0 = Debug|Any CPU
		{68893D34-C9A7-4A58-B017-5B947BFF88AF}.Release|Any CPU.ActiveCfg = Release|Any CPU
		{68893D34-C9A7-4A58-B017-5B947BFF88AF}.Release|Any CPU.Build.0 = Release|Any CPU
		{68893D34-C9A7-4A58-B017-5B947BFF88AF}.Release|x64.ActiveCfg = Release|Any CPU
		{68893D34-C9A7-4A58-B017-5B947BFF88AF}.Release|x64.Build.0 = Release|Any CPU
		{68893D34-C9A7-4A58-B017-5B947BFF88AF}.Release|x86.ActiveCfg = Release|Any CPU
		{68893D34-C9A7-4A58-B017-5B947BFF88AF}.Release|x86.Build.0 = Release|Any CPU
		{61E1A1EF-73D9-4D3F-9C0A-D7CC41DBDECC}.Debug|Any CPU.ActiveCfg = Debug|Any CPU
		{61E1A1EF-73D9-4D3F-9C0A-D7CC41DBDECC}.Debug|Any CPU.Build.0 = Debug|Any CPU
		{61E1A1EF-73D9-4D3F-9C0A-D7CC41DBDECC}.Debug|x64.ActiveCfg = Debug|Any CPU
		{61E1A1EF-73D9-4D3F-9C0A-D7CC41DBDECC}.Debug|x64.Build.0 = Debug|Any CPU
		{61E1A1EF-73D9-4D3F-9C0A-D7CC41DBDECC}.Debug|x86.ActiveCfg = Debug|Any CPU
		{61E1A1EF-73D9-4D3F-9C0A-D7CC41DBDECC}.Debug|x86.Build.0 = Debug|Any CPU
		{61E1A1EF-73D9-4D3F-9C0A-D7CC41DBDECC}.Release|Any CPU.ActiveCfg = Release|Any CPU
		{61E1A1EF-73D9-4D3F-9C0A-D7CC41DBDECC}.Release|Any CPU.Build.0 = Release|Any CPU
		{61E1A1EF-73D9-4D3F-9C0A-D7CC41DBDECC}.Release|x64.ActiveCfg = Release|Any CPU
		{61E1A1EF-73D9-4D3F-9C0A-D7CC41DBDECC}.Release|x64.Build.0 = Release|Any CPU
		{61E1A1EF-73D9-4D3F-9C0A-D7CC41DBDECC}.Release|x86.ActiveCfg = Release|Any CPU
		{61E1A1EF-73D9-4D3F-9C0A-D7CC41DBDECC}.Release|x86.Build.0 = Release|Any CPU
		{C4FC462D-2913-439A-8066-B5499E0E826E}.Debug|Any CPU.ActiveCfg = Debug|Any CPU
		{C4FC462D-2913-439A-8066-B5499E0E826E}.Debug|Any CPU.Build.0 = Debug|Any CPU
		{C4FC462D-2913-439A-8066-B5499E0E826E}.Debug|x64.ActiveCfg = Debug|Any CPU
		{C4FC462D-2913-439A-8066-B5499E0E826E}.Debug|x64.Build.0 = Debug|Any CPU
		{C4FC462D-2913-439A-8066-B5499E0E826E}.Debug|x86.ActiveCfg = Debug|Any CPU
		{C4FC462D-2913-439A-8066-B5499E0E826E}.Debug|x86.Build.0 = Debug|Any CPU
		{C4FC462D-2913-439A-8066-B5499E0E826E}.Release|Any CPU.ActiveCfg = Release|Any CPU
		{C4FC462D-2913-439A-8066-B5499E0E826E}.Release|Any CPU.Build.0 = Release|Any CPU
		{C4FC462D-2913-439A-8066-B5499E0E826E}.Release|x64.ActiveCfg = Release|Any CPU
		{C4FC462D-2913-439A-8066-B5499E0E826E}.Release|x64.Build.0 = Release|Any CPU
		{C4FC462D-2913-439A-8066-B5499E0E826E}.Release|x86.ActiveCfg = Release|Any CPU
		{C4FC462D-2913-439A-8066-B5499E0E826E}.Release|x86.Build.0 = Release|Any CPU
		{F7137874-1772-4C4D-8799-158700B013E3}.Debug|Any CPU.ActiveCfg = Debug|Any CPU
		{F7137874-1772-4C4D-8799-158700B013E3}.Debug|Any CPU.Build.0 = Debug|Any CPU
		{F7137874-1772-4C4D-8799-158700B013E3}.Debug|x64.ActiveCfg = Debug|Any CPU
		{F7137874-1772-4C4D-8799-158700B013E3}.Debug|x64.Build.0 = Debug|Any CPU
		{F7137874-1772-4C4D-8799-158700B013E3}.Debug|x86.ActiveCfg = Debug|Any CPU
		{F7137874-1772-4C4D-8799-158700B013E3}.Debug|x86.Build.0 = Debug|Any CPU
		{F7137874-1772-4C4D-8799-158700B013E3}.Release|Any CPU.ActiveCfg = Release|Any CPU
		{F7137874-1772-4C4D-8799-158700B013E3}.Release|Any CPU.Build.0 = Release|Any CPU
		{F7137874-1772-4C4D-8799-158700B013E3}.Release|x64.ActiveCfg = Release|Any CPU
		{F7137874-1772-4C4D-8799-158700B013E3}.Release|x64.Build.0 = Release|Any CPU
		{F7137874-1772-4C4D-8799-158700B013E3}.Release|x86.ActiveCfg = Release|Any CPU
		{F7137874-1772-4C4D-8799-158700B013E3}.Release|x86.Build.0 = Release|Any CPU
		{D172C423-04A6-403E-BC4C-D28F54530D42}.Debug|Any CPU.ActiveCfg = Debug|Any CPU
		{D172C423-04A6-403E-BC4C-D28F54530D42}.Debug|Any CPU.Build.0 = Debug|Any CPU
		{D172C423-04A6-403E-BC4C-D28F54530D42}.Debug|x64.ActiveCfg = Debug|Any CPU
		{D172C423-04A6-403E-BC4C-D28F54530D42}.Debug|x64.Build.0 = Debug|Any CPU
		{D172C423-04A6-403E-BC4C-D28F54530D42}.Debug|x86.ActiveCfg = Debug|Any CPU
		{D172C423-04A6-403E-BC4C-D28F54530D42}.Debug|x86.Build.0 = Debug|Any CPU
		{D172C423-04A6-403E-BC4C-D28F54530D42}.Release|Any CPU.ActiveCfg = Release|Any CPU
		{D172C423-04A6-403E-BC4C-D28F54530D42}.Release|Any CPU.Build.0 = Release|Any CPU
		{D172C423-04A6-403E-BC4C-D28F54530D42}.Release|x64.ActiveCfg = Release|Any CPU
		{D172C423-04A6-403E-BC4C-D28F54530D42}.Release|x64.Build.0 = Release|Any CPU
		{D172C423-04A6-403E-BC4C-D28F54530D42}.Release|x86.ActiveCfg = Release|Any CPU
		{D172C423-04A6-403E-BC4C-D28F54530D42}.Release|x86.Build.0 = Release|Any CPU
	EndGlobalSection
	GlobalSection(SolutionProperties) = preSolution
		HideSolutionNode = FALSE
	EndGlobalSection
	GlobalSection(NestedProjects) = preSolution
		{7F95F74F-C7FE-40ED-BE54-E4C7B99F6A5D} = {0B7AAAA1-2168-4D67-9A23-6026C9A4307F}
		{C6ABEBA2-004E-45F5-9A63-F6D639D45AC6} = {0B7AAAA1-2168-4D67-9A23-6026C9A4307F}
		{B08AE252-153B-488A-87F4-DA7F45590D6B} = {0B7AAAA1-2168-4D67-9A23-6026C9A4307F}
	EndGlobalSection
	GlobalSection(ExtensibilityGlobals) = postSolution
		SolutionGuid = {178EE4E8-D9CD-4994-906C-1BB75896648F}
	EndGlobalSection
EndGlobal
